
Microsoft Visual Studio Solution File, Format Version 12.00
# Visual Studio Version 16
VisualStudioVersion = 16.0.30104.148
MinimumVisualStudioVersion = 10.0.40219.1
Project("{FAE04EC0-301F-11D3-BF4B-00C04F79EFBC}") = "1. Student Information", "1. Student Information\1. Student Information.csproj", "{53FD5DB7-8E08-4B7C-AC1C-78E1492F7A38}"
EndProject
Project("{FAE04EC0-301F-11D3-BF4B-00C04F79EFBC}") = "02. Passed", "02. Passed\02. Passed.csproj", "{A0D458AE-4684-4AD8-9018-917C5E466171}"
EndProject
Project("{FAE04EC0-301F-11D3-BF4B-00C04F79EFBC}") = "03. Passed or Failed", "03. Passed or Failed\03. Passed or Failed.csproj", "{B840356B-CA91-4FF4-80C7-9DDA2BDDB1FC}"
EndProject
Project("{FAE04EC0-301F-11D3-BF4B-00C04F79EFBC}") = "4. Back in 30 Minutes", "4. Back in 30 Minutes\4. Back in 30 Minutes.csproj", "{F55B299F-C43C-43EF-9E5E-A9470E1A1552}"
EndProject
Project("{FAE04EC0-301F-11D3-BF4B-00C04F79EFBC}") = "05. Month Printer", "05. Month Printer\05. Month Printer.csproj", "{32370C6C-40AE-4FBE-8937-D9911EC40755}"
EndProject
Project("{FAE04EC0-301F-11D3-BF4B-00C04F79EFBC}") = "6. Foreign Languages", "6. Foreign Languages\6. Foreign Languages.csproj", "{56D41423-C2A0-494D-B30F-305687FEE6F2}"
EndProject
Project("{FAE04EC0-301F-11D3-BF4B-00C04F79EFBC}") = "7. Theatre Promotions", "7. Theatre Promotions\7. Theatre Promotions.csproj", "{2ECF6E93-D03A-486C-ABF8-55AA538CCF2B}"
EndProject
Project("{FAE04EC0-301F-11D3-BF4B-00C04F79EFBC}") = "8. Divisible by 3", "8. Divisible by 3\8. Divisible by 3.csproj", "{0AAF1FD6-099F-4079-AD6E-AEA6662F7319}"
EndProject
Project("{FAE04EC0-301F-11D3-BF4B-00C04F79EFBC}") = "9. Sum of Odd Numbers", "9. Sum of Odd Numbers\9. Sum of Odd Numbers.csproj", "{7C253BD5-98B5-4781-91A1-A834FD49C385}"
EndProject
Project("{FAE04EC0-301F-11D3-BF4B-00C04F79EFBC}") = "Multiplication Table", "Multiplication Table\Multiplication Table.csproj", "{AA50EEFD-B5AF-46CE-9B8E-5030E3F14A23}"
EndProject
Project("{FAE04EC0-301F-11D3-BF4B-00C04F79EFBC}") = "12. Even Number", "12. Even Number\12. Even Number.csproj", "{8511C8AE-F88A-48B8-861D-0BEE89C3D566}"
EndProject
Project("{FAE04EC0-301F-11D3-BF4B-00C04F79EFBC}") = "13. Debug the Code Holidays Between Two Dates", "13. Debug the Code Holidays Between Two Dates\13. Debug the Code Holidays Between Two Dates.csproj", "{72B99801-9925-45DE-9CF0-51FF04089498}"
EndProject
Global
	GlobalSection(SolutionConfigurationPlatforms) = preSolution
		Debug|Any CPU = Debug|Any CPU
		Release|Any CPU = Release|Any CPU
	EndGlobalSection
	GlobalSection(ProjectConfigurationPlatforms) = postSolution
		{53FD5DB7-8E08-4B7C-AC1C-78E1492F7A38}.Debug|Any CPU.ActiveCfg = Debug|Any CPU
		{53FD5DB7-8E08-4B7C-AC1C-78E1492F7A38}.Debug|Any CPU.Build.0 = Debug|Any CPU
		{53FD5DB7-8E08-4B7C-AC1C-78E1492F7A38}.Release|Any CPU.ActiveCfg = Release|Any CPU
		{53FD5DB7-8E08-4B7C-AC1C-78E1492F7A38}.Release|Any CPU.Build.0 = Release|Any CPU
		{A0D458AE-4684-4AD8-9018-917C5E466171}.Debug|Any CPU.ActiveCfg = Debug|Any CPU
		{A0D458AE-4684-4AD8-9018-917C5E466171}.Debug|Any CPU.Build.0 = Debug|Any CPU
		{A0D458AE-4684-4AD8-9018-917C5E466171}.Release|Any CPU.ActiveCfg = Release|Any CPU
		{A0D458AE-4684-4AD8-9018-917C5E466171}.Release|Any CPU.Build.0 = Release|Any CPU
		{B840356B-CA91-4FF4-80C7-9DDA2BDDB1FC}.Debug|Any CPU.ActiveCfg = Debug|Any CPU
		{B840356B-CA91-4FF4-80C7-9DDA2BDDB1FC}.Debug|Any CPU.Build.0 = Debug|Any CPU
		{B840356B-CA91-4FF4-80C7-9DDA2BDDB1FC}.Release|Any CPU.ActiveCfg = Release|Any CPU
		{B840356B-CA91-4FF4-80C7-9DDA2BDDB1FC}.Release|Any CPU.Build.0 = Release|Any CPU
		{F55B299F-C43C-43EF-9E5E-A9470E1A1552}.Debug|Any CPU.ActiveCfg = Debug|Any CPU
		{F55B299F-C43C-43EF-9E5E-A9470E1A1552}.Debug|Any CPU.Build.0 = Debug|Any CPU
		{F55B299F-C43C-43EF-9E5E-A9470E1A1552}.Release|Any CPU.ActiveCfg = Release|Any CPU
		{F55B299F-C43C-43EF-9E5E-A9470E1A1552}.Release|Any CPU.Build.0 = Release|Any CPU
		{32370C6C-40AE-4FBE-8937-D9911EC40755}.Debug|Any CPU.ActiveCfg = Debug|Any CPU
		{32370C6C-40AE-4FBE-8937-D9911EC40755}.Debug|Any CPU.Build.0 = Debug|Any CPU
		{32370C6C-40AE-4FBE-8937-D9911EC40755}.Release|Any CPU.ActiveCfg = Release|Any CPU
		{32370C6C-40AE-4FBE-8937-D9911EC40755}.Release|Any CPU.Build.0 = Release|Any CPU
		{56D41423-C2A0-494D-B30F-305687FEE6F2}.Debug|Any CPU.ActiveCfg = Debug|Any CPU
		{56D41423-C2A0-494D-B30F-305687FEE6F2}.Debug|Any CPU.Build.0 = Debug|Any CPU
		{56D41423-C2A0-494D-B30F-305687FEE6F2}.Release|Any CPU.ActiveCfg = Release|Any CPU
		{56D41423-C2A0-494D-B30F-305687FEE6F2}.Release|Any CPU.Build.0 = Release|Any CPU
		{2ECF6E93-D03A-486C-ABF8-55AA538CCF2B}.Debug|Any CPU.ActiveCfg = Debug|Any CPU
		{2ECF6E93-D03A-486C-ABF8-55AA538CCF2B}.Debug|Any CPU.Build.0 = Debug|Any CPU
		{2ECF6E93-D03A-486C-ABF8-55AA538CCF2B}.Release|Any CPU.ActiveCfg = Release|Any CPU
		{2ECF6E93-D03A-486C-ABF8-55AA538CCF2B}.Release|Any CPU.Build.0 = Release|Any CPU
		{0AAF1FD6-099F-4079-AD6E-AEA6662F7319}.Debug|Any CPU.ActiveCfg = Debug|Any CPU
		{0AAF1FD6-099F-4079-AD6E-AEA6662F7319}.Debug|Any CPU.Build.0 = Debug|Any CPU
		{0AAF1FD6-099F-4079-AD6E-AEA6662F7319}.Release|Any CPU.ActiveCfg = Release|Any CPU
		{0AAF1FD6-099F-4079-AD6E-AEA6662F7319}.Release|Any CPU.Build.0 = Release|Any CPU
		{7C253BD5-98B5-4781-91A1-A834FD49C385}.Debug|Any CPU.ActiveCfg = Debug|Any CPU
		{7C253BD5-98B5-4781-91A1-A834FD49C385}.Debug|Any CPU.Build.0 = Debug|Any CPU
		{7C253BD5-98B5-4781-91A1-A834FD49C385}.Release|Any CPU.ActiveCfg = Release|Any CPU
		{7C253BD5-98B5-4781-91A1-A834FD49C385}.Release|Any CPU.Build.0 = Release|Any CPU
		{AA50EEFD-B5AF-46CE-9B8E-5030E3F14A23}.Debug|Any CPU.ActiveCfg = Debug|Any CPU
		{AA50EEFD-B5AF-46CE-9B8E-5030E3F14A23}.Debug|Any CPU.Build.0 = Debug|Any CPU
		{AA50EEFD-B5AF-46CE-9B8E-5030E3F14A23}.Release|Any CPU.ActiveCfg = Release|Any CPU
		{AA50EEFD-B5AF-46CE-9B8E-5030E3F14A23}.Release|Any CPU.Build.0 = Release|Any CPU
		{8511C8AE-F88A-48B8-861D-0BEE89C3D566}.Debug|Any CPU.ActiveCfg = Debug|Any CPU
		{8511C8AE-F88A-48B8-861D-0BEE89C3D566}.Debug|Any CPU.Build.0 = Debug|Any CPU
		{8511C8AE-F88A-48B8-861D-0BEE89C3D566}.Release|Any CPU.ActiveCfg = Release|Any CPU
		{8511C8AE-F88A-48B8-861D-0BEE89C3D566}.Release|Any CPU.Build.0 = Release|Any CPU
		{72B99801-9925-45DE-9CF0-51FF04089498}.Debug|Any CPU.ActiveCfg = Debug|Any CPU
		{72B99801-9925-45DE-9CF0-51FF04089498}.Debug|Any CPU.Build.0 = Debug|Any CPU
		{72B99801-9925-45DE-9CF0-51FF04089498}.Release|Any CPU.ActiveCfg = Release|Any CPU
		{72B99801-9925-45DE-9CF0-51FF04089498}.Release|Any CPU.Build.0 = Release|Any CPU
	EndGlobalSection
	GlobalSection(SolutionProperties) = preSolution
		HideSolutionNode = FALSE
	EndGlobalSection
	GlobalSection(ExtensibilityGlobals) = postSolution
		SolutionGuid = {D5A9181F-1105-476B-AAF5-D6B672A85BE0}
	EndGlobalSection
EndGlobal
